
Microsoft Visual Studio Solution File, Format Version 12.00
# Visual Studio Version 16
VisualStudioVersion = 16.0.30717.126
MinimumVisualStudioVersion = 10.0.40219.1
Project("{FAE04EC0-301F-11D3-BF4B-00C04F79EFBC}") = "LogInService", "LogInService\LogInService.csproj", "{09EFA6FB-B5E0-43CF-819A-4189839E8FA3}"
EndProject
Project("{FAE04EC0-301F-11D3-BF4B-00C04F79EFBC}") = "ExpenseService", "ExpenseService\ExpenseService.csproj", "{5038DB3D-9BB4-4522-8701-B1E0CEBA7139}"
EndProject
Project("{FAE04EC0-301F-11D3-BF4B-00C04F79EFBC}") = "ApplicationDataAccess", "ApplicationDataAccess\ApplicationDataAccess.csproj", "{14F3D6C0-36EE-40AE-B21F-C307ED3C61F5}"
EndProject
Project("{00D1A9C2-B5F0-4AF3-8072-F6C62B433612}") = "SharedExpenseDB", "SharedExpenseDB\SharedExpenseDB.sqlproj", "{6BC3240E-F884-4AED-A069-0F61B574189B}"
EndProject
Project("{FAE04EC0-301F-11D3-BF4B-00C04F79EFBC}") = "SharedExpenseManager", "SharedExpenseManager\SharedExpenseManager.csproj", "{3A14296B-F98C-405A-80A2-495C5D369548}"
EndProject
Project("{FAE04EC0-301F-11D3-BF4B-00C04F79EFBC}") = "SharedExpensePortalClientApplication", "SharedExpensePortalClientApplication\SharedExpensePortalClientApplication.csproj", "{931A1172-4E41-41A8-8755-9E18E8BC0E99}"
EndProject
Global
	GlobalSection(SolutionConfigurationPlatforms) = preSolution
		Debug|Any CPU = Debug|Any CPU
		Release|Any CPU = Release|Any CPU
	EndGlobalSection
	GlobalSection(ProjectConfigurationPlatforms) = postSolution
		{09EFA6FB-B5E0-43CF-819A-4189839E8FA3}.Debug|Any CPU.ActiveCfg = Debug|Any CPU
		{09EFA6FB-B5E0-43CF-819A-4189839E8FA3}.Debug|Any CPU.Build.0 = Debug|Any CPU
		{09EFA6FB-B5E0-43CF-819A-4189839E8FA3}.Release|Any CPU.ActiveCfg = Release|Any CPU
		{09EFA6FB-B5E0-43CF-819A-4189839E8FA3}.Release|Any CPU.Build.0 = Release|Any CPU
		{5038DB3D-9BB4-4522-8701-B1E0CEBA7139}.Debug|Any CPU.ActiveCfg = Debug|Any CPU
		{5038DB3D-9BB4-4522-8701-B1E0CEBA7139}.Debug|Any CPU.Build.0 = Debug|Any CPU
		{5038DB3D-9BB4-4522-8701-B1E0CEBA7139}.Release|Any CPU.ActiveCfg = Release|Any CPU
		{5038DB3D-9BB4-4522-8701-B1E0CEBA7139}.Release|Any CPU.Build.0 = Release|Any CPU
		{14F3D6C0-36EE-40AE-B21F-C307ED3C61F5}.Debug|Any CPU.ActiveCfg = Debug|Any CPU
		{14F3D6C0-36EE-40AE-B21F-C307ED3C61F5}.Debug|Any CPU.Build.0 = Debug|Any CPU
		{14F3D6C0-36EE-40AE-B21F-C307ED3C61F5}.Release|Any CPU.ActiveCfg = Release|Any CPU
		{14F3D6C0-36EE-40AE-B21F-C307ED3C61F5}.Release|Any CPU.Build.0 = Release|Any CPU
		{6BC3240E-F884-4AED-A069-0F61B574189B}.Debug|Any CPU.ActiveCfg = Debug|Any CPU
		{6BC3240E-F884-4AED-A069-0F61B574189B}.Debug|Any CPU.Build.0 = Debug|Any CPU
		{6BC3240E-F884-4AED-A069-0F61B574189B}.Debug|Any CPU.Deploy.0 = Debug|Any CPU
		{6BC3240E-F884-4AED-A069-0F61B574189B}.Release|Any CPU.ActiveCfg = Release|Any CPU
		{6BC3240E-F884-4AED-A069-0F61B574189B}.Release|Any CPU.Build.0 = Release|Any CPU
		{6BC3240E-F884-4AED-A069-0F61B574189B}.Release|Any CPU.Deploy.0 = Release|Any CPU
		{3A14296B-F98C-405A-80A2-495C5D369548}.Debug|Any CPU.ActiveCfg = Debug|Any CPU
		{3A14296B-F98C-405A-80A2-495C5D369548}.Debug|Any CPU.Build.0 = Debug|Any CPU
		{3A14296B-F98C-405A-80A2-495C5D369548}.Release|Any CPU.ActiveCfg = Release|Any CPU
		{3A14296B-F98C-405A-80A2-495C5D369548}.Release|Any CPU.Build.0 = Release|Any CPU
		{931A1172-4E41-41A8-8755-9E18E8BC0E99}.Debug|Any CPU.ActiveCfg = Debug|Any CPU
		{931A1172-4E41-41A8-8755-9E18E8BC0E99}.Debug|Any CPU.Build.0 = Debug|Any CPU
		{931A1172-4E41-41A8-8755-9E18E8BC0E99}.Release|Any CPU.ActiveCfg = Release|Any CPU
		{931A1172-4E41-41A8-8755-9E18E8BC0E99}.Release|Any CPU.Build.0 = Release|Any CPU
	EndGlobalSection
	GlobalSection(SolutionProperties) = preSolution
		HideSolutionNode = FALSE
	EndGlobalSection
	GlobalSection(ExtensibilityGlobals) = postSolution
		SolutionGuid = {1E0EA266-07FE-4E06-A4DA-46F2AB2AD207}
	EndGlobalSection
EndGlobal
